
Microsoft Visual Studio Solution File, Format Version 12.00
# Visual Studio Version 16
VisualStudioVersion = 16.0.30711.63
MinimumVisualStudioVersion = 10.0.40219.1
Project("{9A19103F-16F7-4668-BE54-9A1E7A4F7556}") = "Hahn.ApplicatonProcess.December2020.Web", "Hahn.ApplicatonProcess.December2020.Web\Hahn.ApplicatonProcess.December2020.Web.csproj", "{BF4E4210-9201-4982-9810-D8E72C0B15CB}"
EndProject
Project("{9A19103F-16F7-4668-BE54-9A1E7A4F7556}") = "Hahn.ApplicatonProcess.December2020.Data", "Hahn.ApplicatonProcess.December2020.Data\Hahn.ApplicatonProcess.December2020.Data.csproj", "{11658C12-23A7-4D30-AA53-CB7FD81809A2}"
EndProject
Project("{9A19103F-16F7-4668-BE54-9A1E7A4F7556}") = "Hahn.ApplicatonProcess.December2020.Domain", "Hahn.ApplicatonProcess.December2020.Domain\Hahn.ApplicatonProcess.December2020.Domain.csproj", "{39C67167-DC17-4178-B8A3-DF0BFA65A442}"
EndProject
Global
	GlobalSection(SolutionConfigurationPlatforms) = preSolution
		Debug|Any CPU = Debug|Any CPU
		Release|Any CPU = Release|Any CPU
	EndGlobalSection
	GlobalSection(ProjectConfigurationPlatforms) = postSolution
		{BF4E4210-9201-4982-9810-D8E72C0B15CB}.Debug|Any CPU.ActiveCfg = Debug|Any CPU
		{BF4E4210-9201-4982-9810-D8E72C0B15CB}.Debug|Any CPU.Build.0 = Debug|Any CPU
		{BF4E4210-9201-4982-9810-D8E72C0B15CB}.Release|Any CPU.ActiveCfg = Release|Any CPU
		{BF4E4210-9201-4982-9810-D8E72C0B15CB}.Release|Any CPU.Build.0 = Release|Any CPU
		{11658C12-23A7-4D30-AA53-CB7FD81809A2}.Debug|Any CPU.ActiveCfg = Debug|Any CPU
		{11658C12-23A7-4D30-AA53-CB7FD81809A2}.Debug|Any CPU.Build.0 = Debug|Any CPU
		{11658C12-23A7-4D30-AA53-CB7FD81809A2}.Release|Any CPU.ActiveCfg = Release|Any CPU
		{11658C12-23A7-4D30-AA53-CB7FD81809A2}.Release|Any CPU.Build.0 = Release|Any CPU
		{39C67167-DC17-4178-B8A3-DF0BFA65A442}.Debug|Any CPU.ActiveCfg = Debug|Any CPU
		{39C67167-DC17-4178-B8A3-DF0BFA65A442}.Debug|Any CPU.Build.0 = Debug|Any CPU
		{39C67167-DC17-4178-B8A3-DF0BFA65A442}.Release|Any CPU.ActiveCfg = Release|Any CPU
		{39C67167-DC17-4178-B8A3-DF0BFA65A442}.Release|Any CPU.Build.0 = Release|Any CPU
	EndGlobalSection
	GlobalSection(SolutionProperties) = preSolution
		HideSolutionNode = FALSE
	EndGlobalSection
	GlobalSection(ExtensibilityGlobals) = postSolution
		SolutionGuid = {A580B2EE-EE8B-47E1-BEF0-EADC69191471}
	EndGlobalSection
EndGlobal
